// !$*UTF8*$!
{
	archiveVersion = 1;
	classes = {
	};
	objectVersion = 56;
	objects = {

/* Begin PBXBuildFile section */
		3CEB7F502C4B55D400BDC3AE /* C2App.swift in Sources */ = {isa = PBXBuildFile; fileRef = 3CEB7F4F2C4B55D400BDC3AE /* C2App.swift */; };
		3CEB7F522C4B55D400BDC3AE /* ContentView.swift in Sources */ = {isa = PBXBuildFile; fileRef = 3CEB7F512C4B55D400BDC3AE /* ContentView.swift */; };
		3CEB7F542C4B55D600BDC3AE /* Assets.xcassets in Resources */ = {isa = PBXBuildFile; fileRef = 3CEB7F532C4B55D600BDC3AE /* Assets.xcassets */; };
		3CEB7F572C4B55D600BDC3AE /* Preview Assets.xcassets in Resources */ = {isa = PBXBuildFile; fileRef = 3CEB7F562C4B55D600BDC3AE /* Preview Assets.xcassets */; };
		3CEB7F5E2C4B571E00BDC3AE /* HomeView.swift in Sources */ = {isa = PBXBuildFile; fileRef = 3CEB7F5D2C4B571E00BDC3AE /* HomeView.swift */; };
		3CEB7F602C4B572600BDC3AE /* ShopView.swift in Sources */ = {isa = PBXBuildFile; fileRef = 3CEB7F5F2C4B572600BDC3AE /* ShopView.swift */; };
		3CEB7F622C4B573000BDC3AE /* ScheduleView.swift in Sources */ = {isa = PBXBuildFile; fileRef = 3CEB7F612C4B573000BDC3AE /* ScheduleView.swift */; };
		3CEB7F642C4B573500BDC3AE /* PetView.swift in Sources */ = {isa = PBXBuildFile; fileRef = 3CEB7F632C4B573500BDC3AE /* PetView.swift */; };
		D955C21A2C4B5DC30074909E /* SetScheduleSheetView.swift in Sources */ = {isa = PBXBuildFile; fileRef = D955C2192C4B5DC30074909E /* SetScheduleSheetView.swift */; };
		D9BD1B9D2C5495E900D90340 /* StepCounterView.swift in Sources */ = {isa = PBXBuildFile; fileRef = D9BD1B9C2C5495E900D90340 /* StepCounterView.swift */; };
/* End PBXBuildFile section */

/* Begin PBXFileReference section */
		3CEB7F4C2C4B55D400BDC3AE /* C2.app */ = {isa = PBXFileReference; explicitFileType = wrapper.application; includeInIndex = 0; path = C2.app; sourceTree = BUILT_PRODUCTS_DIR; };
		3CEB7F4F2C4B55D400BDC3AE /* C2App.swift */ = {isa = PBXFileReference; lastKnownFileType = sourcecode.swift; path = C2App.swift; sourceTree = "<group>"; };
		3CEB7F512C4B55D400BDC3AE /* ContentView.swift */ = {isa = PBXFileReference; lastKnownFileType = sourcecode.swift; path = ContentView.swift; sourceTree = "<group>"; };
		3CEB7F532C4B55D600BDC3AE /* Assets.xcassets */ = {isa = PBXFileReference; lastKnownFileType = folder.assetcatalog; path = Assets.xcassets; sourceTree = "<group>"; };
		3CEB7F562C4B55D600BDC3AE /* Preview Assets.xcassets */ = {isa = PBXFileReference; lastKnownFileType = folder.assetcatalog; path = "Preview Assets.xcassets"; sourceTree = "<group>"; };
		3CEB7F5D2C4B571E00BDC3AE /* HomeView.swift */ = {isa = PBXFileReference; lastKnownFileType = sourcecode.swift; path = HomeView.swift; sourceTree = "<group>"; };
		3CEB7F5F2C4B572600BDC3AE /* ShopView.swift */ = {isa = PBXFileReference; lastKnownFileType = sourcecode.swift; path = ShopView.swift; sourceTree = "<group>"; };
		3CEB7F612C4B573000BDC3AE /* ScheduleView.swift */ = {isa = PBXFileReference; lastKnownFileType = sourcecode.swift; path = ScheduleView.swift; sourceTree = "<group>"; };
		3CEB7F632C4B573500BDC3AE /* PetView.swift */ = {isa = PBXFileReference; lastKnownFileType = sourcecode.swift; path = PetView.swift; sourceTree = "<group>"; };
		D955C2192C4B5DC30074909E /* SetScheduleSheetView.swift */ = {isa = PBXFileReference; lastKnownFileType = sourcecode.swift; path = SetScheduleSheetView.swift; sourceTree = "<group>"; };
		D9BD1B9A2C5494AB00D90340 /* Info.plist */ = {isa = PBXFileReference; lastKnownFileType = text.plist; path = Info.plist; sourceTree = "<group>"; };
		D9BD1B9B2C54956B00D90340 /* C2.entitlements */ = {isa = PBXFileReference; lastKnownFileType = text.plist.entitlements; path = C2.entitlements; sourceTree = "<group>"; };
		D9BD1B9C2C5495E900D90340 /* StepCounterView.swift */ = {isa = PBXFileReference; lastKnownFileType = sourcecode.swift; path = StepCounterView.swift; sourceTree = "<group>"; };
/* End PBXFileReference section */

/* Begin PBXFrameworksBuildPhase section */
		3CEB7F492C4B55D400BDC3AE /* Frameworks */ = {
			isa = PBXFrameworksBuildPhase;
			buildActionMask = 2147483647;
			files = (
			);
			runOnlyForDeploymentPostprocessing = 0;
		};
/* End PBXFrameworksBuildPhase section */

/* Begin PBXGroup section */
		3CEB7F432C4B55D400BDC3AE = {
			isa = PBXGroup;
			children = (
				3CEB7F4E2C4B55D400BDC3AE /* C2 */,
				3CEB7F4D2C4B55D400BDC3AE /* Products */,
			);
			sourceTree = "<group>";
		};
		3CEB7F4D2C4B55D400BDC3AE /* Products */ = {
			isa = PBXGroup;
			children = (
				3CEB7F4C2C4B55D400BDC3AE /* C2.app */,
			);
			name = Products;
			sourceTree = "<group>";
		};
		3CEB7F4E2C4B55D400BDC3AE /* C2 */ = {
			isa = PBXGroup;
			children = (
				D9BD1B9B2C54956B00D90340 /* C2.entitlements */,
				D9BD1B9A2C5494AB00D90340 /* Info.plist */,
				3CEB7F4F2C4B55D400BDC3AE /* C2App.swift */,
				3CEB7F512C4B55D400BDC3AE /* ContentView.swift */,
				D9BD1B9C2C5495E900D90340 /* StepCounterView.swift */,
				3CEB7F5D2C4B571E00BDC3AE /* HomeView.swift */,
				3CEB7F5F2C4B572600BDC3AE /* ShopView.swift */,
				D9CFBB792C5231F400DE3CA1 /* Schedule */,
				3CEB7F632C4B573500BDC3AE /* PetView.swift */,
				3CEB7F532C4B55D600BDC3AE /* Assets.xcassets */,
				3CEB7F552C4B55D600BDC3AE /* Preview Content */,
			);
			path = C2;
			sourceTree = "<group>";
		};
		3CEB7F552C4B55D600BDC3AE /* Preview Content */ = {
			isa = PBXGroup;
			children = (
				3CEB7F562C4B55D600BDC3AE /* Preview Assets.xcassets */,
			);
			path = "Preview Content";
			sourceTree = "<group>";
		};
		D9CFBB792C5231F400DE3CA1 /* Schedule */ = {
			isa = PBXGroup;
			children = (
				3CEB7F612C4B573000BDC3AE /* ScheduleView.swift */,
				D955C2192C4B5DC30074909E /* SetScheduleSheetView.swift */,
			);
			path = Schedule;
			sourceTree = "<group>";
		};
/* End PBXGroup section */

/* Begin PBXNativeTarget section */
		3CEB7F4B2C4B55D400BDC3AE /* C2 */ = {
			isa = PBXNativeTarget;
			buildConfigurationList = 3CEB7F5A2C4B55D600BDC3AE /* Build configuration list for PBXNativeTarget "C2" */;
			buildPhases = (
				3CEB7F482C4B55D400BDC3AE /* Sources */,
				3CEB7F492C4B55D400BDC3AE /* Frameworks */,
				3CEB7F4A2C4B55D400BDC3AE /* Resources */,
			);
			buildRules = (
			);
			dependencies = (
			);
			name = C2;
			productName = C2;
			productReference = 3CEB7F4C2C4B55D400BDC3AE /* C2.app */;
			productType = "com.apple.product-type.application";
		};
/* End PBXNativeTarget section */

/* Begin PBXProject section */
		3CEB7F442C4B55D400BDC3AE /* Project object */ = {
			isa = PBXProject;
			attributes = {
				BuildIndependentTargetsInParallel = 1;
				LastSwiftUpdateCheck = 1500;
				LastUpgradeCheck = 1500;
				TargetAttributes = {
					3CEB7F4B2C4B55D400BDC3AE = {
						CreatedOnToolsVersion = 15.0.1;
					};
				};
			};
			buildConfigurationList = 3CEB7F472C4B55D400BDC3AE /* Build configuration list for PBXProject "C2" */;
			compatibilityVersion = "Xcode 14.0";
			developmentRegion = en;
			hasScannedForEncodings = 0;
			knownRegions = (
				en,
				Base,
			);
			mainGroup = 3CEB7F432C4B55D400BDC3AE;
			productRefGroup = 3CEB7F4D2C4B55D400BDC3AE /* Products */;
			projectDirPath = "";
			projectRoot = "";
			targets = (
				3CEB7F4B2C4B55D400BDC3AE /* C2 */,
			);
		};
/* End PBXProject section */

/* Begin PBXResourcesBuildPhase section */
		3CEB7F4A2C4B55D400BDC3AE /* Resources */ = {
			isa = PBXResourcesBuildPhase;
			buildActionMask = 2147483647;
			files = (
				3CEB7F572C4B55D600BDC3AE /* Preview Assets.xcassets in Resources */,
				3CEB7F542C4B55D600BDC3AE /* Assets.xcassets in Resources */,
			);
			runOnlyForDeploymentPostprocessing = 0;
		};
/* End PBXResourcesBuildPhase section */

/* Begin PBXSourcesBuildPhase section */
		3CEB7F482C4B55D400BDC3AE /* Sources */ = {
			isa = PBXSourcesBuildPhase;
			buildActionMask = 2147483647;
			files = (
				3CEB7F642C4B573500BDC3AE /* PetView.swift in Sources */,
				3CEB7F622C4B573000BDC3AE /* ScheduleView.swift in Sources */,
				D955C21A2C4B5DC30074909E /* SetScheduleSheetView.swift in Sources */,
				3CEB7F5E2C4B571E00BDC3AE /* HomeView.swift in Sources */,
				3CEB7F522C4B55D400BDC3AE /* ContentView.swift in Sources */,
				3CEB7F602C4B572600BDC3AE /* ShopView.swift in Sources */,
				3CEB7F502C4B55D400BDC3AE /* C2App.swift in Sources */,
				D9BD1B9D2C5495E900D90340 /* StepCounterView.swift in Sources */,
			);
			runOnlyForDeploymentPostprocessing = 0;
		};
/* End PBXSourcesBuildPhase section */

/* Begin XCBuildConfiguration section */
		3CEB7F582C4B55D600BDC3AE /* Debug */ = {
			isa = XCBuildConfiguration;
			buildSettings = {
				ALWAYS_SEARCH_USER_PATHS = NO;
				ASSETCATALOG_COMPILER_GENERATE_SWIFT_ASSET_SYMBOL_EXTENSIONS = YES;
				CLANG_ANALYZER_NONNULL = YES;
				CLANG_ANALYZER_NUMBER_OBJECT_CONVERSION = YES_AGGRESSIVE;
				CLANG_CXX_LANGUAGE_STANDARD = "gnu++20";
				CLANG_ENABLE_MODULES = YES;
				CLANG_ENABLE_OBJC_ARC = YES;
				CLANG_ENABLE_OBJC_WEAK = YES;
				CLANG_WARN_BLOCK_CAPTURE_AUTORELEASING = YES;
				CLANG_WARN_BOOL_CONVERSION = YES;
				CLANG_WARN_COMMA = YES;
				CLANG_WARN_CONSTANT_CONVERSION = YES;
				CLANG_WARN_DEPRECATED_OBJC_IMPLEMENTATIONS = YES;
				CLANG_WARN_DIRECT_OBJC_ISA_USAGE = YES_ERROR;
				CLANG_WARN_DOCUMENTATION_COMMENTS = YES;
				CLANG_WARN_EMPTY_BODY = YES;
				CLANG_WARN_ENUM_CONVERSION = YES;
				CLANG_WARN_INFINITE_RECURSION = YES;
				CLANG_WARN_INT_CONVERSION = YES;
				CLANG_WARN_NON_LITERAL_NULL_CONVERSION = YES;
				CLANG_WARN_OBJC_IMPLICIT_RETAIN_SELF = YES;
				CLANG_WARN_OBJC_LITERAL_CONVERSION = YES;
				CLANG_WARN_OBJC_ROOT_CLASS = YES_ERROR;
				CLANG_WARN_QUOTED_INCLUDE_IN_FRAMEWORK_HEADER = YES;
				CLANG_WARN_RANGE_LOOP_ANALYSIS = YES;
				CLANG_WARN_STRICT_PROTOTYPES = YES;
				CLANG_WARN_SUSPICIOUS_MOVE = YES;
				CLANG_WARN_UNGUARDED_AVAILABILITY = YES_AGGRESSIVE;
				CLANG_WARN_UNREACHABLE_CODE = YES;
				CLANG_WARN__DUPLICATE_METHOD_MATCH = YES;
				COPY_PHASE_STRIP = NO;
				DEBUG_INFORMATION_FORMAT = dwarf;
				ENABLE_STRICT_OBJC_MSGSEND = YES;
				ENABLE_TESTABILITY = YES;
				ENABLE_USER_SCRIPT_SANDBOXING = YES;
				GCC_C_LANGUAGE_STANDARD = gnu17;
				GCC_DYNAMIC_NO_PIC = NO;
				GCC_NO_COMMON_BLOCKS = YES;
				GCC_OPTIMIZATION_LEVEL = 0;
				GCC_PREPROCESSOR_DEFINITIONS = (
					"DEBUG=1",
					"$(inherited)",
				);
				GCC_WARN_64_TO_32_BIT_CONVERSION = YES;
				GCC_WARN_ABOUT_RETURN_TYPE = YES_ERROR;
				GCC_WARN_UNDECLARED_SELECTOR = YES;
				GCC_WARN_UNINITIALIZED_AUTOS = YES_AGGRESSIVE;
				GCC_WARN_UNUSED_FUNCTION = YES;
				GCC_WARN_UNUSED_VARIABLE = YES;
				IPHONEOS_DEPLOYMENT_TARGET = 17.0;
				LOCALIZATION_PREFERS_STRING_CATALOGS = YES;
				MTL_ENABLE_DEBUG_INFO = INCLUDE_SOURCE;
				MTL_FAST_MATH = YES;
				ONLY_ACTIVE_ARCH = YES;
				SDKROOT = iphoneos;
				SWIFT_ACTIVE_COMPILATION_CONDITIONS = "DEBUG $(inherited)";
				SWIFT_OPTIMIZATION_LEVEL = "-Onone";
			};
			name = Debug;
		};
		3CEB7F592C4B55D600BDC3AE /* Release */ = {
			isa = XCBuildConfiguration;
			buildSettings = {
				ALWAYS_SEARCH_USER_PATHS = NO;
				ASSETCATALOG_COMPILER_GENERATE_SWIFT_ASSET_SYMBOL_EXTENSIONS = YES;
				CLANG_ANALYZER_NONNULL = YES;
				CLANG_ANALYZER_NUMBER_OBJECT_CONVERSION = YES_AGGRESSIVE;
				CLANG_CXX_LANGUAGE_STANDARD = "gnu++20";
				CLANG_ENABLE_MODULES = YES;
				CLANG_ENABLE_OBJC_ARC = YES;
				CLANG_ENABLE_OBJC_WEAK = YES;
				CLANG_WARN_BLOCK_CAPTURE_AUTORELEASING = YES;
				CLANG_WARN_BOOL_CONVERSION = YES;
				CLANG_WARN_COMMA = YES;
				CLANG_WARN_CONSTANT_CONVERSION = YES;
				CLANG_WARN_DEPRECATED_OBJC_IMPLEMENTATIONS = YES;
				CLANG_WARN_DIRECT_OBJC_ISA_USAGE = YES_ERROR;
				CLANG_WARN_DOCUMENTATION_COMMENTS = YES;
				CLANG_WARN_EMPTY_BODY = YES;
				CLANG_WARN_ENUM_CONVERSION = YES;
				CLANG_WARN_INFINITE_RECURSION = YES;
				CLANG_WARN_INT_CONVERSION = YES;
				CLANG_WARN_NON_LITERAL_NULL_CONVERSION = YES;
				CLANG_WARN_OBJC_IMPLICIT_RETAIN_SELF = YES;
				CLANG_WARN_OBJC_LITERAL_CONVERSION = YES;
				CLANG_WARN_OBJC_ROOT_CLASS = YES_ERROR;
				CLANG_WARN_QUOTED_INCLUDE_IN_FRAMEWORK_HEADER = YES;
				CLANG_WARN_RANGE_LOOP_ANALYSIS = YES;
				CLANG_WARN_STRICT_PROTOTYPES = YES;
				CLANG_WARN_SUSPICIOUS_MOVE = YES;
				CLANG_WARN_UNGUARDED_AVAILABILITY = YES_AGGRESSIVE;
				CLANG_WARN_UNREACHABLE_CODE = YES;
				CLANG_WARN__DUPLICATE_METHOD_MATCH = YES;
				COPY_PHASE_STRIP = NO;
				DEBUG_INFORMATION_FORMAT = "dwarf-with-dsym";
				ENABLE_NS_ASSERTIONS = NO;
				ENABLE_STRICT_OBJC_MSGSEND = YES;
				ENABLE_USER_SCRIPT_SANDBOXING = YES;
				GCC_C_LANGUAGE_STANDARD = gnu17;
				GCC_NO_COMMON_BLOCKS = YES;
				GCC_WARN_64_TO_32_BIT_CONVERSION = YES;
				GCC_WARN_ABOUT_RETURN_TYPE = YES_ERROR;
				GCC_WARN_UNDECLARED_SELECTOR = YES;
				GCC_WARN_UNINITIALIZED_AUTOS = YES_AGGRESSIVE;
				GCC_WARN_UNUSED_FUNCTION = YES;
				GCC_WARN_UNUSED_VARIABLE = YES;
				IPHONEOS_DEPLOYMENT_TARGET = 17.0;
				LOCALIZATION_PREFERS_STRING_CATALOGS = YES;
				MTL_ENABLE_DEBUG_INFO = NO;
				MTL_FAST_MATH = YES;
				SDKROOT = iphoneos;
				SWIFT_COMPILATION_MODE = wholemodule;
				VALIDATE_PRODUCT = YES;
			};
			name = Release;
		};
		3CEB7F5B2C4B55D600BDC3AE /* Debug */ = {
			isa = XCBuildConfiguration;
			buildSettings = {
				ASSETCATALOG_COMPILER_APPICON_NAME = AppIcon;
				ASSETCATALOG_COMPILER_GLOBAL_ACCENT_COLOR_NAME = AccentColor;
				CODE_SIGN_ENTITLEMENTS = C2/C2.entitlements;
				CODE_SIGN_STYLE = Automatic;
				CURRENT_PROJECT_VERSION = 1;
				DEVELOPMENT_ASSET_PATHS = "\"C2/Preview Content\"";
				DEVELOPMENT_TEAM = VYN5JB9N88;
				ENABLE_PREVIEWS = YES;
				GENERATE_INFOPLIST_FILE = YES;
				INFOPLIST_FILE = C2/Info.plist;
				INFOPLIST_KEY_NSHealthShareUsageDescription = "We need your permission to read your steps!";
				INFOPLIST_KEY_NSHealthUpdateUsageDescription = "Please, give your permission to read your steps!";
				INFOPLIST_KEY_UIApplicationSceneManifest_Generation = YES;
				INFOPLIST_KEY_UIApplicationSupportsIndirectInputEvents = YES;
				INFOPLIST_KEY_UILaunchScreen_Generation = YES;
				INFOPLIST_KEY_UISupportedInterfaceOrientations_iPad = "UIInterfaceOrientationPortrait UIInterfaceOrientationPortraitUpsideDown UIInterfaceOrientationLandscapeLeft UIInterfaceOrientationLandscapeRight";
				INFOPLIST_KEY_UISupportedInterfaceOrientations_iPhone = "UIInterfaceOrientationPortrait UIInterfaceOrientationLandscapeLeft UIInterfaceOrientationLandscapeRight";
				LD_RUNPATH_SEARCH_PATHS = (
					"$(inherited)",
					"@executable_path/Frameworks",
				);
				MARKETING_VERSION = 1.0;
				PRODUCT_BUNDLE_IDENTIFIER = SAP.C2;
				PRODUCT_NAME = "$(TARGET_NAME)";
				SWIFT_EMIT_LOC_STRINGS = YES;
				SWIFT_VERSION = 5.0;
				TARGETED_DEVICE_FAMILY = "1,2";
			};
			name = Debug;
		};
		3CEB7F5C2C4B55D600BDC3AE /* Release */ = {
			isa = XCBuildConfiguration;
			buildSettings = {
				ASSETCATALOG_COMPILER_APPICON_NAME = AppIcon;
				ASSETCATALOG_COMPILER_GLOBAL_ACCENT_COLOR_NAME = AccentColor;
				CODE_SIGN_ENTITLEMENTS = C2/C2.entitlements;
				CODE_SIGN_STYLE = Automatic;
				CURRENT_PROJECT_VERSION = 1;
				DEVELOPMENT_ASSET_PATHS = "\"C2/Preview Content\"";
				DEVELOPMENT_TEAM = VYN5JB9N88;
				ENABLE_PREVIEWS = YES;
				GENERATE_INFOPLIST_FILE = YES;
				INFOPLIST_FILE = C2/Info.plist;
				INFOPLIST_KEY_NSHealthShareUsageDescription = "We need your permission to read your steps!";
				INFOPLIST_KEY_NSHealthUpdateUsageDescription = "Please, give your permission to read your steps!";
				INFOPLIST_KEY_UIApplicationSceneManifest_Generation = YES;
				INFOPLIST_KEY_UIApplicationSupportsIndirectInputEvents = YES;
				INFOPLIST_KEY_UILaunchScreen_Generation = YES;
				INFOPLIST_KEY_UISupportedInterfaceOrientations_iPad = "UIInterfaceOrientationPortrait UIInterfaceOrientationPortraitUpsideDown UIInterfaceOrientationLandscapeLeft UIInterfaceOrientationLandscapeRight";
				INFOPLIST_KEY_UISupportedInterfaceOrientations_iPhone = "UIInterfaceOrientationPortrait UIInterfaceOrientationLandscapeLeft UIInterfaceOrientationLandscapeRight";
				LD_RUNPATH_SEARCH_PATHS = (
					"$(inherited)",
					"@executable_path/Frameworks",
				);
				MARKETING_VERSION = 1.0;
				PRODUCT_BUNDLE_IDENTIFIER = SAP.C2;
				PRODUCT_NAME = "$(TARGET_NAME)";
				SWIFT_EMIT_LOC_STRINGS = YES;
				SWIFT_VERSION = 5.0;
				TARGETED_DEVICE_FAMILY = "1,2";
			};
			name = Release;
		};
/* End XCBuildConfiguration section */

/* Begin XCConfigurationList section */
		3CEB7F472C4B55D400BDC3AE /* Build configuration list for PBXProject "C2" */ = {
			isa = XCConfigurationList;
			buildConfigurations = (
				3CEB7F582C4B55D600BDC3AE /* Debug */,
				3CEB7F592C4B55D600BDC3AE /* Release */,
			);
			defaultConfigurationIsVisible = 0;
			defaultConfigurationName = Release;
		};
		3CEB7F5A2C4B55D600BDC3AE /* Build configuration list for PBXNativeTarget "C2" */ = {
			isa = XCConfigurationList;
			buildConfigurations = (
				3CEB7F5B2C4B55D600BDC3AE /* Debug */,
				3CEB7F5C2C4B55D600BDC3AE /* Release */,
			);
			defaultConfigurationIsVisible = 0;
			defaultConfigurationName = Release;
		};
/* End XCConfigurationList section */
	};
	rootObject = 3CEB7F442C4B55D400BDC3AE /* Project object */;
}
